
Microsoft Visual Studio Solution File, Format Version 12.00
# Visual Studio Version 17
VisualStudioVersion = 17.1.32210.238
MinimumVisualStudioVersion = 10.0.40219.1
Project("{9A19103F-16F7-4668-BE54-9A1E7A4F7556}") = "Battleships", "Battleships\Battleships.csproj", "{911F63FC-25C8-4A2C-8088-ED3D04472ADA}"
EndProject
Project("{FAE04EC0-301F-11D3-BF4B-00C04F79EFBC}") = "Battleships.Tests", "Battleships.Tests\Battleships.Tests.csproj", "{7485E5BF-C732-44EC-A92F-1C0C61446B69}"
EndProject
Global
	GlobalSection(SolutionConfigurationPlatforms) = preSolution
		Debug|Any CPU = Debug|Any CPU
		Release|Any CPU = Release|Any CPU
	EndGlobalSection
	GlobalSection(ProjectConfigurationPlatforms) = postSolution
		{911F63FC-25C8-4A2C-8088-ED3D04472ADA}.Debug|Any CPU.ActiveCfg = Debug|Any CPU
		{911F63FC-25C8-4A2C-8088-ED3D04472ADA}.Debug|Any CPU.Build.0 = Debug|Any CPU
		{911F63FC-25C8-4A2C-8088-ED3D04472ADA}.Release|Any CPU.ActiveCfg = Release|Any CPU
		{911F63FC-25C8-4A2C-8088-ED3D04472ADA}.Release|Any CPU.Build.0 = Release|Any CPU
		{7485E5BF-C732-44EC-A92F-1C0C61446B69}.Debug|Any CPU.ActiveCfg = Debug|Any CPU
		{7485E5BF-C732-44EC-A92F-1C0C61446B69}.Debug|Any CPU.Build.0 = Debug|Any CPU
		{7485E5BF-C732-44EC-A92F-1C0C61446B69}.Release|Any CPU.ActiveCfg = Release|Any CPU
		{7485E5BF-C732-44EC-A92F-1C0C61446B69}.Release|Any CPU.Build.0 = Release|Any CPU
	EndGlobalSection
	GlobalSection(SolutionProperties) = preSolution
		HideSolutionNode = FALSE
	EndGlobalSection
	GlobalSection(ExtensibilityGlobals) = postSolution
		SolutionGuid = {49EC478A-FE01-495B-A78F-F72E99CD9811}
	EndGlobalSection
EndGlobal
